
Microsoft Visual Studio Solution File, Format Version 12.00
# Visual Studio Version 16
VisualStudioVersion = 16.0.31129.286
MinimumVisualStudioVersion = 10.0.40219.1
Project("{FAE04EC0-301F-11D3-BF4B-00C04F79EFBC}") = "Generics_övn1", "Generics_övn1\Generics_övn1.csproj", "{B961182C-8A63-404F-A354-6EAB6CC41A9A}"
EndProject
Global
	GlobalSection(SolutionConfigurationPlatforms) = preSolution
		Debug|Any CPU = Debug|Any CPU
		Release|Any CPU = Release|Any CPU
	EndGlobalSection
	GlobalSection(ProjectConfigurationPlatforms) = postSolution
		{B961182C-8A63-404F-A354-6EAB6CC41A9A}.Debug|Any CPU.ActiveCfg = Debug|Any CPU
		{B961182C-8A63-404F-A354-6EAB6CC41A9A}.Debug|Any CPU.Build.0 = Debug|Any CPU
		{B961182C-8A63-404F-A354-6EAB6CC41A9A}.Release|Any CPU.ActiveCfg = Release|Any CPU
		{B961182C-8A63-404F-A354-6EAB6CC41A9A}.Release|Any CPU.Build.0 = Release|Any CPU
	EndGlobalSection
	GlobalSection(SolutionProperties) = preSolution
		HideSolutionNode = FALSE
	EndGlobalSection
	GlobalSection(ExtensibilityGlobals) = postSolution
		SolutionGuid = {40A5C584-2ECB-4D43-9694-C946AF3649D9}
	EndGlobalSection
EndGlobal
